// !$*UTF8*$!
{
	archiveVersion = 1;
	classes = {
	};
	objectVersion = 50;
	objects = {

/* Begin PBXBuildFile section */
		A67B467926D3619C00AC4516 /* AppDelegate.swift in Sources */ = {isa = PBXBuildFile; fileRef = A67B467826D3619C00AC4516 /* AppDelegate.swift */; };
		A67B467B26D3619C00AC4516 /* SceneDelegate.swift in Sources */ = {isa = PBXBuildFile; fileRef = A67B467A26D3619C00AC4516 /* SceneDelegate.swift */; };
		A67B467D26D3619C00AC4516 /* ViewController.swift in Sources */ = {isa = PBXBuildFile; fileRef = A67B467C26D3619C00AC4516 /* ViewController.swift */; };
		A67B468026D3619C00AC4516 /* Main.storyboard in Resources */ = {isa = PBXBuildFile; fileRef = A67B467E26D3619C00AC4516 /* Main.storyboard */; };
		A67B468226D3619D00AC4516 /* Assets.xcassets in Resources */ = {isa = PBXBuildFile; fileRef = A67B468126D3619D00AC4516 /* Assets.xcassets */; };
		A67B468526D3619D00AC4516 /* LaunchScreen.storyboard in Resources */ = {isa = PBXBuildFile; fileRef = A67B468326D3619D00AC4516 /* LaunchScreen.storyboard */; };
		A67B468D26D36A8F00AC4516 /* TestView.xib in Resources */ = {isa = PBXBuildFile; fileRef = A67B468C26D36A8F00AC4516 /* TestView.xib */; };
		A67B468F26D36ACA00AC4516 /* TestView.swift in Sources */ = {isa = PBXBuildFile; fileRef = A67B468E26D36ACA00AC4516 /* TestView.swift */; };
/* End PBXBuildFile section */

/* Begin PBXFileReference section */
		A67B467526D3619C00AC4516 /* XibNavBar.app */ = {isa = PBXFileReference; explicitFileType = wrapper.application; includeInIndex = 0; path = XibNavBar.app; sourceTree = BUILT_PRODUCTS_DIR; };
		A67B467826D3619C00AC4516 /* AppDelegate.swift */ = {isa = PBXFileReference; lastKnownFileType = sourcecode.swift; path = AppDelegate.swift; sourceTree = "<group>"; };
		A67B467A26D3619C00AC4516 /* SceneDelegate.swift */ = {isa = PBXFileReference; lastKnownFileType = sourcecode.swift; path = SceneDelegate.swift; sourceTree = "<group>"; };
		A67B467C26D3619C00AC4516 /* ViewController.swift */ = {isa = PBXFileReference; lastKnownFileType = sourcecode.swift; path = ViewController.swift; sourceTree = "<group>"; };
		A67B467F26D3619C00AC4516 /* Base */ = {isa = PBXFileReference; lastKnownFileType = file.storyboard; name = Base; path = Base.lproj/Main.storyboard; sourceTree = "<group>"; };
		A67B468126D3619D00AC4516 /* Assets.xcassets */ = {isa = PBXFileReference; lastKnownFileType = folder.assetcatalog; path = Assets.xcassets; sourceTree = "<group>"; };
		A67B468426D3619D00AC4516 /* Base */ = {isa = PBXFileReference; lastKnownFileType = file.storyboard; name = Base; path = Base.lproj/LaunchScreen.storyboard; sourceTree = "<group>"; };
		A67B468626D3619D00AC4516 /* Info.plist */ = {isa = PBXFileReference; lastKnownFileType = text.plist.xml; path = Info.plist; sourceTree = "<group>"; };
		A67B468C26D36A8F00AC4516 /* TestView.xib */ = {isa = PBXFileReference; lastKnownFileType = file.xib; path = TestView.xib; sourceTree = "<group>"; };
		A67B468E26D36ACA00AC4516 /* TestView.swift */ = {isa = PBXFileReference; lastKnownFileType = sourcecode.swift; path = TestView.swift; sourceTree = "<group>"; };
/* End PBXFileReference section */

/* Begin PBXFrameworksBuildPhase section */
		A67B467226D3619C00AC4516 /* Frameworks */ = {
			isa = PBXFrameworksBuildPhase;
			buildActionMask = 2147483647;
			files = (
			);
			runOnlyForDeploymentPostprocessing = 0;
		};
/* End PBXFrameworksBuildPhase section */

/* Begin PBXGroup section */
		A67B466C26D3619C00AC4516 = {
			isa = PBXGroup;
			children = (
				A67B467726D3619C00AC4516 /* XibNavBar */,
				A67B467626D3619C00AC4516 /* Products */,
			);
			sourceTree = "<group>";
		};
		A67B467626D3619C00AC4516 /* Products */ = {
			isa = PBXGroup;
			children = (
				A67B467526D3619C00AC4516 /* XibNavBar.app */,
			);
			name = Products;
			sourceTree = "<group>";
		};
		A67B467726D3619C00AC4516 /* XibNavBar */ = {
			isa = PBXGroup;
			children = (
				A67B467826D3619C00AC4516 /* AppDelegate.swift */,
				A67B467A26D3619C00AC4516 /* SceneDelegate.swift */,
				A67B467C26D3619C00AC4516 /* ViewController.swift */,
				A67B467E26D3619C00AC4516 /* Main.storyboard */,
				A67B468126D3619D00AC4516 /* Assets.xcassets */,
				A67B468326D3619D00AC4516 /* LaunchScreen.storyboard */,
				A67B468626D3619D00AC4516 /* Info.plist */,
				A67B468C26D36A8F00AC4516 /* TestView.xib */,
				A67B468E26D36ACA00AC4516 /* TestView.swift */,
			);
			path = XibNavBar;
			sourceTree = "<group>";
		};
/* End PBXGroup section */

/* Begin PBXNativeTarget section */
		A67B467426D3619C00AC4516 /* XibNavBar */ = {
			isa = PBXNativeTarget;
			buildConfigurationList = A67B468926D3619D00AC4516 /* Build configuration list for PBXNativeTarget "XibNavBar" */;
			buildPhases = (
				A67B467126D3619C00AC4516 /* Sources */,
				A67B467226D3619C00AC4516 /* Frameworks */,
				A67B467326D3619C00AC4516 /* Resources */,
			);
			buildRules = (
			);
			dependencies = (
			);
			name = XibNavBar;
			productName = XibNavBar;
			productReference = A67B467526D3619C00AC4516 /* XibNavBar.app */;
			productType = "com.apple.product-type.application";
		};
/* End PBXNativeTarget section */

/* Begin PBXProject section */
		A67B466D26D3619C00AC4516 /* Project object */ = {
			isa = PBXProject;
			attributes = {
				LastSwiftUpdateCheck = 1250;
				LastUpgradeCheck = 1250;
				TargetAttributes = {
					A67B467426D3619C00AC4516 = {
						CreatedOnToolsVersion = 12.5.1;
					};
				};
			};
			buildConfigurationList = A67B467026D3619C00AC4516 /* Build configuration list for PBXProject "XibNavBar" */;
			compatibilityVersion = "Xcode 9.3";
			developmentRegion = en;
			hasScannedForEncodings = 0;
			knownRegions = (
				en,
				Base,
			);
			mainGroup = A67B466C26D3619C00AC4516;
			productRefGroup = A67B467626D3619C00AC4516 /* Products */;
			projectDirPath = "";
			projectRoot = "";
			targets = (
				A67B467426D3619C00AC4516 /* XibNavBar */,
			);
		};
/* End PBXProject section */

/* Begin PBXResourcesBuildPhase section */
		A67B467326D3619C00AC4516 /* Resources */ = {
			isa = PBXResourcesBuildPhase;
			buildActionMask = 2147483647;
			files = (
				A67B468D26D36A8F00AC4516 /* TestView.xib in Resources */,
				A67B468526D3619D00AC4516 /* LaunchScreen.storyboard in Resources */,
				A67B468226D3619D00AC4516 /* Assets.xcassets in Resources */,
				A67B468026D3619C00AC4516 /* Main.storyboard in Resources */,
			);
			runOnlyForDeploymentPostprocessing = 0;
		};
/* End PBXResourcesBuildPhase section */

/* Begin PBXSourcesBuildPhase section */
		A67B467126D3619C00AC4516 /* Sources */ = {
			isa = PBXSourcesBuildPhase;
			buildActionMask = 2147483647;
			files = (
				A67B468F26D36ACA00AC4516 /* TestView.swift in Sources */,
				A67B467D26D3619C00AC4516 /* ViewController.swift in Sources */,
				A67B467926D3619C00AC4516 /* AppDelegate.swift in Sources */,
				A67B467B26D3619C00AC4516 /* SceneDelegate.swift in Sources */,
			);
			runOnlyForDeploymentPostprocessing = 0;
		};
/* End PBXSourcesBuildPhase section */

/* Begin PBXVariantGroup section */
		A67B467E26D3619C00AC4516 /* Main.storyboard */ = {
			isa = PBXVariantGroup;
			children = (
				A67B467F26D3619C00AC4516 /* Base */,
			);
			name = Main.storyboard;
			sourceTree = "<group>";
		};
		A67B468326D3619D00AC4516 /* LaunchScreen.storyboard */ = {
			isa = PBXVariantGroup;
			children = (
				A67B468426D3619D00AC4516 /* Base */,
			);
			name = LaunchScreen.storyboard;
			sourceTree = "<group>";
		};
/* End PBXVariantGroup section */

/* Begin XCBuildConfiguration section */
		A67B468726D3619D00AC4516 /* Debug */ = {
			isa = XCBuildConfiguration;
			buildSettings = {
				ALWAYS_SEARCH_USER_PATHS = NO;
				CLANG_ANALYZER_NONNULL = YES;
				CLANG_ANALYZER_NUMBER_OBJECT_CONVERSION = YES_AGGRESSIVE;
				CLANG_CXX_LANGUAGE_STANDARD = "gnu++14";
				CLANG_CXX_LIBRARY = "libc++";
				CLANG_ENABLE_MODULES = YES;
				CLANG_ENABLE_OBJC_ARC = YES;
				CLANG_ENABLE_OBJC_WEAK = YES;
				CLANG_WARN_BLOCK_CAPTURE_AUTORELEASING = YES;
				CLANG_WARN_BOOL_CONVERSION = YES;
				CLANG_WARN_COMMA = YES;
				CLANG_WARN_CONSTANT_CONVERSION = YES;
				CLANG_WARN_DEPRECATED_OBJC_IMPLEMENTATIONS = YES;
				CLANG_WARN_DIRECT_OBJC_ISA_USAGE = YES_ERROR;
				CLANG_WARN_DOCUMENTATION_COMMENTS = YES;
				CLANG_WARN_EMPTY_BODY = YES;
				CLANG_WARN_ENUM_CONVERSION = YES;
				CLANG_WARN_INFINITE_RECURSION = YES;
				CLANG_WARN_INT_CONVERSION = YES;
				CLANG_WARN_NON_LITERAL_NULL_CONVERSION = YES;
				CLANG_WARN_OBJC_IMPLICIT_RETAIN_SELF = YES;
				CLANG_WARN_OBJC_LITERAL_CONVERSION = YES;
				CLANG_WARN_OBJC_ROOT_CLASS = YES_ERROR;
				CLANG_WARN_QUOTED_INCLUDE_IN_FRAMEWORK_HEADER = YES;
				CLANG_WARN_RANGE_LOOP_ANALYSIS = YES;
				CLANG_WARN_STRICT_PROTOTYPES = YES;
				CLANG_WARN_SUSPICIOUS_MOVE = YES;
				CLANG_WARN_UNGUARDED_AVAILABILITY = YES_AGGRESSIVE;
				CLANG_WARN_UNREACHABLE_CODE = YES;
				CLANG_WARN__DUPLICATE_METHOD_MATCH = YES;
				COPY_PHASE_STRIP = NO;
				DEBUG_INFORMATION_FORMAT = dwarf;
				ENABLE_STRICT_OBJC_MSGSEND = YES;
				ENABLE_TESTABILITY = YES;
				GCC_C_LANGUAGE_STANDARD = gnu11;
				GCC_DYNAMIC_NO_PIC = NO;
				GCC_NO_COMMON_BLOCKS = YES;
				GCC_OPTIMIZATION_LEVEL = 0;
				GCC_PREPROCESSOR_DEFINITIONS = (
					"DEBUG=1",
					"$(inherited)",
				);
				GCC_WARN_64_TO_32_BIT_CONVERSION = YES;
				GCC_WARN_ABOUT_RETURN_TYPE = YES_ERROR;
				GCC_WARN_UNDECLARED_SELECTOR = YES;
				GCC_WARN_UNINITIALIZED_AUTOS = YES_AGGRESSIVE;
				GCC_WARN_UNUSED_FUNCTION = YES;
				GCC_WARN_UNUSED_VARIABLE = YES;
				IPHONEOS_DEPLOYMENT_TARGET = 14.5;
				MTL_ENABLE_DEBUG_INFO = INCLUDE_SOURCE;
				MTL_FAST_MATH = YES;
				ONLY_ACTIVE_ARCH = YES;
				SDKROOT = iphoneos;
				SWIFT_ACTIVE_COMPILATION_CONDITIONS = DEBUG;
				SWIFT_OPTIMIZATION_LEVEL = "-Onone";
			};
			name = Debug;
		};
		A67B468826D3619D00AC4516 /* Release */ = {
			isa = XCBuildConfiguration;
			buildSettings = {
				ALWAYS_SEARCH_USER_PATHS = NO;
				CLANG_ANALYZER_NONNULL = YES;
				CLANG_ANALYZER_NUMBER_OBJECT_CONVERSION = YES_AGGRESSIVE;
				CLANG_CXX_LANGUAGE_STANDARD = "gnu++14";
				CLANG_CXX_LIBRARY = "libc++";
				CLANG_ENABLE_MODULES = YES;
				CLANG_ENABLE_OBJC_ARC = YES;
				CLANG_ENABLE_OBJC_WEAK = YES;
				CLANG_WARN_BLOCK_CAPTURE_AUTORELEASING = YES;
				CLANG_WARN_BOOL_CONVERSION = YES;
				CLANG_WARN_COMMA = YES;
				CLANG_WARN_CONSTANT_CONVERSION = YES;
				CLANG_WARN_DEPRECATED_OBJC_IMPLEMENTATIONS = YES;
				CLANG_WARN_DIRECT_OBJC_ISA_USAGE = YES_ERROR;
				CLANG_WARN_DOCUMENTATION_COMMENTS = YES;
				CLANG_WARN_EMPTY_BODY = YES;
				CLANG_WARN_ENUM_CONVERSION = YES;
				CLANG_WARN_INFINITE_RECURSION = YES;
				CLANG_WARN_INT_CONVERSION = YES;
				CLANG_WARN_NON_LITERAL_NULL_CONVERSION = YES;
				CLANG_WARN_OBJC_IMPLICIT_RETAIN_SELF = YES;
				CLANG_WARN_OBJC_LITERAL_CONVERSION = YES;
				CLANG_WARN_OBJC_ROOT_CLASS = YES_ERROR;
				CLANG_WARN_QUOTED_INCLUDE_IN_FRAMEWORK_HEADER = YES;
				CLANG_WARN_RANGE_LOOP_ANALYSIS = YES;
				CLANG_WARN_STRICT_PROTOTYPES = YES;
				CLANG_WARN_SUSPICIOUS_MOVE = YES;
				CLANG_WARN_UNGUARDED_AVAILABILITY = YES_AGGRESSIVE;
				CLANG_WARN_UNREACHABLE_CODE = YES;
				CLANG_WARN__DUPLICATE_METHOD_MATCH = YES;
				COPY_PHASE_STRIP = NO;
				DEBUG_INFORMATION_FORMAT = "dwarf-with-dsym";
				ENABLE_NS_ASSERTIONS = NO;
				ENABLE_STRICT_OBJC_MSGSEND = YES;
				GCC_C_LANGUAGE_STANDARD = gnu11;
				GCC_NO_COMMON_BLOCKS = YES;
				GCC_WARN_64_TO_32_BIT_CONVERSION = YES;
				GCC_WARN_ABOUT_RETURN_TYPE = YES_ERROR;
				GCC_WARN_UNDECLARED_SELECTOR = YES;
				GCC_WARN_UNINITIALIZED_AUTOS = YES_AGGRESSIVE;
				GCC_WARN_UNUSED_FUNCTION = YES;
				GCC_WARN_UNUSED_VARIABLE = YES;
				IPHONEOS_DEPLOYMENT_TARGET = 14.5;
				MTL_ENABLE_DEBUG_INFO = NO;
				MTL_FAST_MATH = YES;
				SDKROOT = iphoneos;
				SWIFT_COMPILATION_MODE = wholemodule;
				SWIFT_OPTIMIZATION_LEVEL = "-O";
				VALIDATE_PRODUCT = YES;
			};
			name = Release;
		};
		A67B468A26D3619D00AC4516 /* Debug */ = {
			isa = XCBuildConfiguration;
			buildSettings = {
				ASSETCATALOG_COMPILER_APPICON_NAME = AppIcon;
				ASSETCATALOG_COMPILER_GLOBAL_ACCENT_COLOR_NAME = AccentColor;
				CODE_SIGN_STYLE = Automatic;
				INFOPLIST_FILE = XibNavBar/Info.plist;
				LD_RUNPATH_SEARCH_PATHS = (
					"$(inherited)",
					"@executable_path/Frameworks",
				);
				PRODUCT_BUNDLE_IDENTIFIER = com.krm.XibNavBar;
				PRODUCT_NAME = "$(TARGET_NAME)";
				SWIFT_VERSION = 5.0;
				TARGETED_DEVICE_FAMILY = "1,2";
			};
			name = Debug;
		};
		A67B468B26D3619D00AC4516 /* Release */ = {
			isa = XCBuildConfiguration;
			buildSettings = {
				ASSETCATALOG_COMPILER_APPICON_NAME = AppIcon;
				ASSETCATALOG_COMPILER_GLOBAL_ACCENT_COLOR_NAME = AccentColor;
				CODE_SIGN_STYLE = Automatic;
				INFOPLIST_FILE = XibNavBar/Info.plist;
				LD_RUNPATH_SEARCH_PATHS = (
					"$(inherited)",
					"@executable_path/Frameworks",
				);
				PRODUCT_BUNDLE_IDENTIFIER = com.krm.XibNavBar;
				PRODUCT_NAME = "$(TARGET_NAME)";
				SWIFT_VERSION = 5.0;
				TARGETED_DEVICE_FAMILY = "1,2";
			};
			name = Release;
		};
/* End XCBuildConfiguration section */

/* Begin XCConfigurationList section */
		A67B467026D3619C00AC4516 /* Build configuration list for PBXProject "XibNavBar" */ = {
			isa = XCConfigurationList;
			buildConfigurations = (
				A67B468726D3619D00AC4516 /* Debug */,
				A67B468826D3619D00AC4516 /* Release */,
			);
			defaultConfigurationIsVisible = 0;
			defaultConfigurationName = Release;
		};
		A67B468926D3619D00AC4516 /* Build configuration list for PBXNativeTarget "XibNavBar" */ = {
			isa = XCConfigurationList;
			buildConfigurations = (
				A67B468A26D3619D00AC4516 /* Debug */,
				A67B468B26D3619D00AC4516 /* Release */,
			);
			defaultConfigurationIsVisible = 0;
			defaultConfigurationName = Release;
		};
/* End XCConfigurationList section */
	};
	rootObject = A67B466D26D3619C00AC4516 /* Project object */;
}
